
Microsoft Visual Studio Solution File, Format Version 12.00
# Visual Studio Version 17
VisualStudioVersion = 17.8.34004.107
MinimumVisualStudioVersion = 10.0.40219.1
Project("{2150E333-8FDC-42A3-9474-1A3956D46DE8}") = "Generator", "Generator", "{A627454C-01C6-4811-871A-28194598E2C9}"
EndProject
Project("{2150E333-8FDC-42A3-9474-1A3956D46DE8}") = "Loader", "Loader", "{714E11DF-8A6C-408B-95BD-D63BA510488E}"
	ProjectSection(SolutionItems) = preProject
		plug\AES.hpp = plug\AES.hpp
		plug\base64.hpp = plug\base64.hpp
		plug\public.hpp = plug\public.hpp
	EndProjectSection
EndProject
Project("{2150E333-8FDC-42A3-9474-1A3956D46DE8}") = "Direct", "Direct", "{7F17ED50-B0CD-4BF8-B78F-76F5DBA07F9C}"
EndProject
Project("{2150E333-8FDC-42A3-9474-1A3956D46DE8}") = "Inject", "Inject", "{CA099911-8087-4632-96A5-A85511712F38}"
EndProject
Project("{8BC9CEB8-8B4A-11D0-8D11-00A0C91BC942}") = "APC-Ijnect+Syscall+Ntdll Inject", "plug\APC-Ijnect Load\APC-Ijnect Load.vcxproj", "{85B4ED76-7171-4CDF-B909-654E77F54FA4}"
EndProject
Project("{2150E333-8FDC-42A3-9474-1A3956D46DE8}") = "Encbin", "Encbin", "{AEBA1494-45D5-49F3-B3A6-36277E38D27D}"
EndProject
Project("{8BC9CEB8-8B4A-11D0-8D11-00A0C91BC942}") = "encbin", "AES_RC4_Base64_Shellcode\Project1.vcxproj", "{1B85DF4E-45D1-48A3-ACD7-EFA68ADC81BF}"
EndProject
Project("{8BC9CEB8-8B4A-11D0-8D11-00A0C91BC942}") = "LoaderFly", "LoaderFly\LoaderFly.vcxproj", "{44ED408B-59F3-4A73-BEF3-AD7F274AEC54}"
EndProject
Project("{2150E333-8FDC-42A3-9474-1A3956D46DE8}") = "Readme", "Readme", "{27F274D1-807B-4717-9AE6-91B5DB468233}"
EndProject
Project("{2150E333-8FDC-42A3-9474-1A3956D46DE8}") = "assets", "assets", "{81BF62F0-8C81-496A-987C-04E901A10B33}"
	ProjectSection(SolutionItems) = preProject
		assets\image-20230815190009417.png = assets\image-20230815190009417.png
		assets\image-20230815190031226.png = assets\image-20230815190031226.png
		assets\image-20230815190420375.png = assets\image-20230815190420375.png
		assets\image-20230815191239326.png = assets\image-20230815191239326.png
		assets\image-20230815191606194.png = assets\image-20230815191606194.png
		assets\image-20230815192037892.png = assets\image-20230815192037892.png
		assets\image-20230815231506639.png = assets\image-20230815231506639.png
		assets\image-20230816120053410.png = assets\image-20230816120053410.png
		assets\image-20230817102138676.png = assets\image-20230817102138676.png
		assets\image-20230818160221352.png = assets\image-20230818160221352.png
		assets\image-20230820163154848.png = assets\image-20230820163154848.png
		assets\image-20230820163357653.png = assets\image-20230820163357653.png
		assets\image-20230822232402552.png = assets\image-20230822232402552.png
		assets\image-20230822232413254.png = assets\image-20230822232413254.png
	EndProjectSection
EndProject
Project("{8BC9CEB8-8B4A-11D0-8D11-00A0C91BC942}") = "CreateThread+PathEtw Inject", "plug\CreateThread Inject\CreateThread Inject.vcxproj", "{CE3FFC5A-ED48-43DC-9C54-4EFCD5733B95}"
EndProject
Global
	GlobalSection(SolutionConfigurationPlatforms) = preSolution
		Debug|x64 = Debug|x64
		Debug|x86 = Debug|x86
		Release|x64 = Release|x64
		Release|x86 = Release|x86
	EndGlobalSection
	GlobalSection(ProjectConfigurationPlatforms) = postSolution
		{85B4ED76-7171-4CDF-B909-654E77F54FA4}.Debug|x64.ActiveCfg = Debug|x64
		{85B4ED76-7171-4CDF-B909-654E77F54FA4}.Debug|x64.Build.0 = Debug|x64
		{85B4ED76-7171-4CDF-B909-654E77F54FA4}.Debug|x86.ActiveCfg = Debug|Win32
		{85B4ED76-7171-4CDF-B909-654E77F54FA4}.Debug|x86.Build.0 = Debug|Win32
		{85B4ED76-7171-4CDF-B909-654E77F54FA4}.Release|x64.ActiveCfg = Release|x64
		{85B4ED76-7171-4CDF-B909-654E77F54FA4}.Release|x64.Build.0 = Release|x64
		{85B4ED76-7171-4CDF-B909-654E77F54FA4}.Release|x86.ActiveCfg = Release|Win32
		{85B4ED76-7171-4CDF-B909-654E77F54FA4}.Release|x86.Build.0 = Release|Win32
		{1B85DF4E-45D1-48A3-ACD7-EFA68ADC81BF}.Debug|x64.ActiveCfg = Debug|x64
		{1B85DF4E-45D1-48A3-ACD7-EFA68ADC81BF}.Debug|x64.Build.0 = Debug|x64
		{1B85DF4E-45D1-48A3-ACD7-EFA68ADC81BF}.Debug|x86.ActiveCfg = Debug|Win32
		{1B85DF4E-45D1-48A3-ACD7-EFA68ADC81BF}.Debug|x86.Build.0 = Debug|Win32
		{1B85DF4E-45D1-48A3-ACD7-EFA68ADC81BF}.Release|x64.ActiveCfg = Release|x64
		{1B85DF4E-45D1-48A3-ACD7-EFA68ADC81BF}.Release|x64.Build.0 = Release|x64
		{1B85DF4E-45D1-48A3-ACD7-EFA68ADC81BF}.Release|x86.ActiveCfg = Release|Win32
		{1B85DF4E-45D1-48A3-ACD7-EFA68ADC81BF}.Release|x86.Build.0 = Release|Win32
		{44ED408B-59F3-4A73-BEF3-AD7F274AEC54}.Debug|x64.ActiveCfg = Debug|x64
		{44ED408B-59F3-4A73-BEF3-AD7F274AEC54}.Debug|x64.Build.0 = Debug|x64
		{44ED408B-59F3-4A73-BEF3-AD7F274AEC54}.Debug|x86.ActiveCfg = Debug|Win32
		{44ED408B-59F3-4A73-BEF3-AD7F274AEC54}.Debug|x86.Build.0 = Debug|Win32
		{44ED408B-59F3-4A73-BEF3-AD7F274AEC54}.Release|x64.ActiveCfg = Release|x64
		{44ED408B-59F3-4A73-BEF3-AD7F274AEC54}.Release|x64.Build.0 = Release|x64
		{44ED408B-59F3-4A73-BEF3-AD7F274AEC54}.Release|x86.ActiveCfg = Release|Win32
		{44ED408B-59F3-4A73-BEF3-AD7F274AEC54}.Release|x86.Build.0 = Release|Win32
		{CE3FFC5A-ED48-43DC-9C54-4EFCD5733B95}.Debug|x64.ActiveCfg = Debug|x64
		{CE3FFC5A-ED48-43DC-9C54-4EFCD5733B95}.Debug|x64.Build.0 = Debug|x64
		{CE3FFC5A-ED48-43DC-9C54-4EFCD5733B95}.Debug|x86.ActiveCfg = Debug|Win32
		{CE3FFC5A-ED48-43DC-9C54-4EFCD5733B95}.Debug|x86.Build.0 = Debug|Win32
		{CE3FFC5A-ED48-43DC-9C54-4EFCD5733B95}.Release|x64.ActiveCfg = Release|x64
		{CE3FFC5A-ED48-43DC-9C54-4EFCD5733B95}.Release|x64.Build.0 = Release|x64
		{CE3FFC5A-ED48-43DC-9C54-4EFCD5733B95}.Release|x86.ActiveCfg = Release|Win32
		{CE3FFC5A-ED48-43DC-9C54-4EFCD5733B95}.Release|x86.Build.0 = Release|Win32
	EndGlobalSection
	GlobalSection(SolutionProperties) = preSolution
		HideSolutionNode = FALSE
	EndGlobalSection
	GlobalSection(NestedProjects) = preSolution
		{7F17ED50-B0CD-4BF8-B78F-76F5DBA07F9C} = {714E11DF-8A6C-408B-95BD-D63BA510488E}
		{CA099911-8087-4632-96A5-A85511712F38} = {714E11DF-8A6C-408B-95BD-D63BA510488E}
		{85B4ED76-7171-4CDF-B909-654E77F54FA4} = {CA099911-8087-4632-96A5-A85511712F38}
		{1B85DF4E-45D1-48A3-ACD7-EFA68ADC81BF} = {AEBA1494-45D5-49F3-B3A6-36277E38D27D}
		{44ED408B-59F3-4A73-BEF3-AD7F274AEC54} = {A627454C-01C6-4811-871A-28194598E2C9}
		{81BF62F0-8C81-496A-987C-04E901A10B33} = {27F274D1-807B-4717-9AE6-91B5DB468233}
		{CE3FFC5A-ED48-43DC-9C54-4EFCD5733B95} = {7F17ED50-B0CD-4BF8-B78F-76F5DBA07F9C}
	EndGlobalSection
	GlobalSection(ExtensibilityGlobals) = postSolution
		SolutionGuid = {EDBB30E9-A5B4-42A1-B5ED-78754D7540E5}
	EndGlobalSection
EndGlobal
